
Microsoft Visual Studio Solution File, Format Version 12.00
# Visual Studio Version 16
VisualStudioVersion = 16.0.28922.388
MinimumVisualStudioVersion = 10.0.40219.1
Project("{2150E333-8FDC-42A3-9474-1A3956D46DE8}") = "src", "src", "{C3CC0728-A65C-469E-96AD-43C6F8E452AD}"
EndProject
Project("{2150E333-8FDC-42A3-9474-1A3956D46DE8}") = "tests", "tests", "{A4076378-6102-4951-BEA0-DC2BF1FF3B42}"
EndProject
Project("{9A19103F-16F7-4668-BE54-9A1E7A4F7556}") = "Dahl.Data.Common", "src\Dahl.Data.Common\Dahl.Data.Common.csproj", "{E9AAE756-4629-4F80-8EAD-74DA059CE8CF}"
EndProject
Project("{9A19103F-16F7-4668-BE54-9A1E7A4F7556}") = "Dahl.Data.Dapper", "src\Dahl.Data.Dapper\Dahl.Data.Dapper.csproj", "{5278193D-783D-4381-A735-E60CB5A0F426}"
EndProject
Project("{9A19103F-16F7-4668-BE54-9A1E7A4F7556}") = "Dahl.Data.Oracle", "src\Dahl.Data.Oracle\Dahl.Data.Oracle.csproj", "{766BAC37-1EA9-4D1C-BB34-E9B5FF437872}"
EndProject
Project("{9A19103F-16F7-4668-BE54-9A1E7A4F7556}") = "Dahl.Data.SqlServer", "src\Dahl.Data.SqlServer\Dahl.Data.SqlServer.csproj", "{CC39A4F7-DE1E-4CBA-87A2-D5E211A89EE1}"
EndProject
Project("{9A19103F-16F7-4668-BE54-9A1E7A4F7556}") = "Dahl.Data.Sybase", "src\Dahl.Data.Sybase\Dahl.Data.Sybase.csproj", "{1AC2A96B-B157-42F1-85BA-23C53B3DB157}"
EndProject
Project("{2150E333-8FDC-42A3-9474-1A3956D46DE8}") = "Solution Items", "Solution Items", "{AC88A743-042C-470F-931E-A1B4DB6CB590}"
	ProjectSection(SolutionItems) = preProject
		LICENSE.txt = LICENSE.txt
		README.md = README.md
	EndProjectSection
EndProject
Project("{9A19103F-16F7-4668-BE54-9A1E7A4F7556}") = "Dahl.Data.Tests.Common", "tests\Dahl.Data.Tests.Common\Dahl.Data.Tests.Common.csproj", "{31523339-0B89-4FF6-BE2C-28CB8E4F8036}"
EndProject
Project("{9A19103F-16F7-4668-BE54-9A1E7A4F7556}") = "Dahl.Data.Tests.Net472", "tests\Dahl.Data.Tests.Net472\Dahl.Data.Tests.Net472.csproj", "{C545A768-9277-4A07-8F66-4762768625FB}"
EndProject
Project("{9A19103F-16F7-4668-BE54-9A1E7A4F7556}") = "Dahl.Data.Tests.Net461", "tests\Dahl.Data.Tests.Net461\Dahl.Data.Tests.Net461.csproj", "{B4F7B154-4E1E-40E7-A9C0-A11088686A83}"
EndProject
Project("{9A19103F-16F7-4668-BE54-9A1E7A4F7556}") = "Dahl.Data.Tests.Core21", "tests\Dahl.Data.Tests.Core21\Dahl.Data.Tests.Core21.csproj", "{D63269E1-4034-49D1-A39A-162D246FE4DD}"
EndProject
Project("{9A19103F-16F7-4668-BE54-9A1E7A4F7556}") = "Dahl.Data.Tests.Core22", "tests\Dahl.Data.Tests.Core22\Dahl.Data.Tests.Core22.csproj", "{2472560E-6016-49DB-8095-DD1679FE7117}"
EndProject
Project("{9A19103F-16F7-4668-BE54-9A1E7A4F7556}") = "Dahl.Data.Tests.Core30", "tests\Dahl.Data.Tests.Core30\Dahl.Data.Tests.Core30.csproj", "{58E8DDC6-DDD1-43BF-95B1-BB37D3D843F4}"
EndProject
Project("{9A19103F-16F7-4668-BE54-9A1E7A4F7556}") = "Dahl.Data.Tests.Net462", "tests\Dahl.Data.Tests.Net462\Dahl.Data.Tests.Net462.csproj", "{12C92FC7-DB87-494F-A495-2E76D572628F}"
EndProject
Project("{9A19103F-16F7-4668-BE54-9A1E7A4F7556}") = "Dahl.Data.Tests.Net471", "Tests\Dahl.Data.Tests.Net471\Dahl.Data.Tests.Net471.csproj", "{461D746B-9BCD-4F9F-99E5-452B74F04C8C}"
EndProject
Project("{9A19103F-16F7-4668-BE54-9A1E7A4F7556}") = "Dahl.Data.Tests.Net48", "tests\Dahl.Data.Tests.Net48\Dahl.Data.Tests.Net48.csproj", "{697E87D5-E0BA-421E-9981-6752CCC98BDD}"
EndProject
Project("{9A19103F-16F7-4668-BE54-9A1E7A4F7556}") = "Dahl.Data.Tests.Net47", "tests\Dahl.Data.Tests.Net47\Dahl.Data.Tests.Net47.csproj", "{548E40D8-6083-4C06-9924-CB4032ACE3E1}"
EndProject
Project("{9A19103F-16F7-4668-BE54-9A1E7A4F7556}") = "Dahl.Data.Tests.Core31", "tests\Dahl.Data.Tests.Core31\Dahl.Data.Tests.Core31.csproj", "{E8DB1938-EB18-4FD5-A320-76E3BFE07E62}"
EndProject
Global
	GlobalSection(SolutionConfigurationPlatforms) = preSolution
		Debug|Any CPU = Debug|Any CPU
		Release|Any CPU = Release|Any CPU
	EndGlobalSection
	GlobalSection(ProjectConfigurationPlatforms) = postSolution
		{E9AAE756-4629-4F80-8EAD-74DA059CE8CF}.Debug|Any CPU.ActiveCfg = Debug|Any CPU
		{E9AAE756-4629-4F80-8EAD-74DA059CE8CF}.Debug|Any CPU.Build.0 = Debug|Any CPU
		{E9AAE756-4629-4F80-8EAD-74DA059CE8CF}.Release|Any CPU.ActiveCfg = Release|Any CPU
		{E9AAE756-4629-4F80-8EAD-74DA059CE8CF}.Release|Any CPU.Build.0 = Release|Any CPU
		{5278193D-783D-4381-A735-E60CB5A0F426}.Debug|Any CPU.ActiveCfg = Debug|Any CPU
		{5278193D-783D-4381-A735-E60CB5A0F426}.Debug|Any CPU.Build.0 = Debug|Any CPU
		{5278193D-783D-4381-A735-E60CB5A0F426}.Release|Any CPU.ActiveCfg = Release|Any CPU
		{5278193D-783D-4381-A735-E60CB5A0F426}.Release|Any CPU.Build.0 = Release|Any CPU
		{766BAC37-1EA9-4D1C-BB34-E9B5FF437872}.Debug|Any CPU.ActiveCfg = Debug|Any CPU
		{766BAC37-1EA9-4D1C-BB34-E9B5FF437872}.Debug|Any CPU.Build.0 = Debug|Any CPU
		{766BAC37-1EA9-4D1C-BB34-E9B5FF437872}.Release|Any CPU.ActiveCfg = Release|Any CPU
		{766BAC37-1EA9-4D1C-BB34-E9B5FF437872}.Release|Any CPU.Build.0 = Release|Any CPU
		{CC39A4F7-DE1E-4CBA-87A2-D5E211A89EE1}.Debug|Any CPU.ActiveCfg = Debug|Any CPU
		{CC39A4F7-DE1E-4CBA-87A2-D5E211A89EE1}.Debug|Any CPU.Build.0 = Debug|Any CPU
		{CC39A4F7-DE1E-4CBA-87A2-D5E211A89EE1}.Release|Any CPU.ActiveCfg = Release|Any CPU
		{CC39A4F7-DE1E-4CBA-87A2-D5E211A89EE1}.Release|Any CPU.Build.0 = Release|Any CPU
		{1AC2A96B-B157-42F1-85BA-23C53B3DB157}.Debug|Any CPU.ActiveCfg = Debug|Any CPU
		{1AC2A96B-B157-42F1-85BA-23C53B3DB157}.Debug|Any CPU.Build.0 = Debug|Any CPU
		{1AC2A96B-B157-42F1-85BA-23C53B3DB157}.Release|Any CPU.ActiveCfg = Release|Any CPU
		{1AC2A96B-B157-42F1-85BA-23C53B3DB157}.Release|Any CPU.Build.0 = Release|Any CPU
		{31523339-0B89-4FF6-BE2C-28CB8E4F8036}.Debug|Any CPU.ActiveCfg = Debug|Any CPU
		{31523339-0B89-4FF6-BE2C-28CB8E4F8036}.Debug|Any CPU.Build.0 = Debug|Any CPU
		{31523339-0B89-4FF6-BE2C-28CB8E4F8036}.Release|Any CPU.ActiveCfg = Release|Any CPU
		{31523339-0B89-4FF6-BE2C-28CB8E4F8036}.Release|Any CPU.Build.0 = Release|Any CPU
		{C545A768-9277-4A07-8F66-4762768625FB}.Debug|Any CPU.ActiveCfg = Debug|Any CPU
		{C545A768-9277-4A07-8F66-4762768625FB}.Debug|Any CPU.Build.0 = Debug|Any CPU
		{C545A768-9277-4A07-8F66-4762768625FB}.Release|Any CPU.ActiveCfg = Release|Any CPU
		{C545A768-9277-4A07-8F66-4762768625FB}.Release|Any CPU.Build.0 = Release|Any CPU
		{B4F7B154-4E1E-40E7-A9C0-A11088686A83}.Debug|Any CPU.ActiveCfg = Debug|Any CPU
		{B4F7B154-4E1E-40E7-A9C0-A11088686A83}.Debug|Any CPU.Build.0 = Debug|Any CPU
		{B4F7B154-4E1E-40E7-A9C0-A11088686A83}.Release|Any CPU.ActiveCfg = Release|Any CPU
		{B4F7B154-4E1E-40E7-A9C0-A11088686A83}.Release|Any CPU.Build.0 = Release|Any CPU
		{D63269E1-4034-49D1-A39A-162D246FE4DD}.Debug|Any CPU.ActiveCfg = Debug|Any CPU
		{D63269E1-4034-49D1-A39A-162D246FE4DD}.Debug|Any CPU.Build.0 = Debug|Any CPU
		{D63269E1-4034-49D1-A39A-162D246FE4DD}.Release|Any CPU.ActiveCfg = Release|Any CPU
		{D63269E1-4034-49D1-A39A-162D246FE4DD}.Release|Any CPU.Build.0 = Release|Any CPU
		{2472560E-6016-49DB-8095-DD1679FE7117}.Debug|Any CPU.ActiveCfg = Debug|Any CPU
		{2472560E-6016-49DB-8095-DD1679FE7117}.Debug|Any CPU.Build.0 = Debug|Any CPU
		{2472560E-6016-49DB-8095-DD1679FE7117}.Release|Any CPU.ActiveCfg = Release|Any CPU
		{2472560E-6016-49DB-8095-DD1679FE7117}.Release|Any CPU.Build.0 = Release|Any CPU
		{58E8DDC6-DDD1-43BF-95B1-BB37D3D843F4}.Debug|Any CPU.ActiveCfg = Debug|Any CPU
		{58E8DDC6-DDD1-43BF-95B1-BB37D3D843F4}.Debug|Any CPU.Build.0 = Debug|Any CPU
		{58E8DDC6-DDD1-43BF-95B1-BB37D3D843F4}.Release|Any CPU.ActiveCfg = Release|Any CPU
		{58E8DDC6-DDD1-43BF-95B1-BB37D3D843F4}.Release|Any CPU.Build.0 = Release|Any CPU
		{12C92FC7-DB87-494F-A495-2E76D572628F}.Debug|Any CPU.ActiveCfg = Debug|Any CPU
		{12C92FC7-DB87-494F-A495-2E76D572628F}.Debug|Any CPU.Build.0 = Debug|Any CPU
		{12C92FC7-DB87-494F-A495-2E76D572628F}.Release|Any CPU.ActiveCfg = Release|Any CPU
		{12C92FC7-DB87-494F-A495-2E76D572628F}.Release|Any CPU.Build.0 = Release|Any CPU
		{461D746B-9BCD-4F9F-99E5-452B74F04C8C}.Debug|Any CPU.ActiveCfg = Debug|Any CPU
		{461D746B-9BCD-4F9F-99E5-452B74F04C8C}.Debug|Any CPU.Build.0 = Debug|Any CPU
		{461D746B-9BCD-4F9F-99E5-452B74F04C8C}.Release|Any CPU.ActiveCfg = Release|Any CPU
		{461D746B-9BCD-4F9F-99E5-452B74F04C8C}.Release|Any CPU.Build.0 = Release|Any CPU
		{697E87D5-E0BA-421E-9981-6752CCC98BDD}.Debug|Any CPU.ActiveCfg = Debug|Any CPU
		{697E87D5-E0BA-421E-9981-6752CCC98BDD}.Debug|Any CPU.Build.0 = Debug|Any CPU
		{697E87D5-E0BA-421E-9981-6752CCC98BDD}.Release|Any CPU.ActiveCfg = Release|Any CPU
		{697E87D5-E0BA-421E-9981-6752CCC98BDD}.Release|Any CPU.Build.0 = Release|Any CPU
		{548E40D8-6083-4C06-9924-CB4032ACE3E1}.Debug|Any CPU.ActiveCfg = Debug|Any CPU
		{548E40D8-6083-4C06-9924-CB4032ACE3E1}.Debug|Any CPU.Build.0 = Debug|Any CPU
		{548E40D8-6083-4C06-9924-CB4032ACE3E1}.Release|Any CPU.ActiveCfg = Release|Any CPU
		{548E40D8-6083-4C06-9924-CB4032ACE3E1}.Release|Any CPU.Build.0 = Release|Any CPU
		{E8DB1938-EB18-4FD5-A320-76E3BFE07E62}.Debug|Any CPU.ActiveCfg = Debug|Any CPU
		{E8DB1938-EB18-4FD5-A320-76E3BFE07E62}.Debug|Any CPU.Build.0 = Debug|Any CPU
		{E8DB1938-EB18-4FD5-A320-76E3BFE07E62}.Release|Any CPU.ActiveCfg = Release|Any CPU
		{E8DB1938-EB18-4FD5-A320-76E3BFE07E62}.Release|Any CPU.Build.0 = Release|Any CPU
	EndGlobalSection
	GlobalSection(SolutionProperties) = preSolution
		HideSolutionNode = FALSE
	EndGlobalSection
	GlobalSection(NestedProjects) = preSolution
		{E9AAE756-4629-4F80-8EAD-74DA059CE8CF} = {C3CC0728-A65C-469E-96AD-43C6F8E452AD}
		{5278193D-783D-4381-A735-E60CB5A0F426} = {C3CC0728-A65C-469E-96AD-43C6F8E452AD}
		{766BAC37-1EA9-4D1C-BB34-E9B5FF437872} = {C3CC0728-A65C-469E-96AD-43C6F8E452AD}
		{CC39A4F7-DE1E-4CBA-87A2-D5E211A89EE1} = {C3CC0728-A65C-469E-96AD-43C6F8E452AD}
		{1AC2A96B-B157-42F1-85BA-23C53B3DB157} = {C3CC0728-A65C-469E-96AD-43C6F8E452AD}
		{31523339-0B89-4FF6-BE2C-28CB8E4F8036} = {A4076378-6102-4951-BEA0-DC2BF1FF3B42}
		{C545A768-9277-4A07-8F66-4762768625FB} = {A4076378-6102-4951-BEA0-DC2BF1FF3B42}
		{B4F7B154-4E1E-40E7-A9C0-A11088686A83} = {A4076378-6102-4951-BEA0-DC2BF1FF3B42}
		{D63269E1-4034-49D1-A39A-162D246FE4DD} = {A4076378-6102-4951-BEA0-DC2BF1FF3B42}
		{2472560E-6016-49DB-8095-DD1679FE7117} = {A4076378-6102-4951-BEA0-DC2BF1FF3B42}
		{58E8DDC6-DDD1-43BF-95B1-BB37D3D843F4} = {A4076378-6102-4951-BEA0-DC2BF1FF3B42}
		{12C92FC7-DB87-494F-A495-2E76D572628F} = {A4076378-6102-4951-BEA0-DC2BF1FF3B42}
		{461D746B-9BCD-4F9F-99E5-452B74F04C8C} = {A4076378-6102-4951-BEA0-DC2BF1FF3B42}
		{697E87D5-E0BA-421E-9981-6752CCC98BDD} = {A4076378-6102-4951-BEA0-DC2BF1FF3B42}
		{548E40D8-6083-4C06-9924-CB4032ACE3E1} = {A4076378-6102-4951-BEA0-DC2BF1FF3B42}
		{E8DB1938-EB18-4FD5-A320-76E3BFE07E62} = {A4076378-6102-4951-BEA0-DC2BF1FF3B42}
	EndGlobalSection
	GlobalSection(ExtensibilityGlobals) = postSolution
		SolutionGuid = {6A0A49E3-C89F-477C-9FBB-C659008C0461}
	EndGlobalSection
EndGlobal
